// !$*UTF8*$!
{
	archiveVersion = 1;
	classes = {
	};
	objectVersion = 56;
	objects = {

/* Begin PBXBuildFile section */
		401D17CC2954A8DF003F9270 /* Root.swift in Sources */ = {isa = PBXBuildFile; fileRef = 401D17CB2954A8DF003F9270 /* Root.swift */; };
		401D17CE2954A8E3003F9270 /* RootViewController.swift in Sources */ = {isa = PBXBuildFile; fileRef = 401D17CD2954A8E3003F9270 /* RootViewController.swift */; };
		40575784295E24DE00FA3FB6 /* Feature in Resources */ = {isa = PBXBuildFile; fileRef = 40575783295E24DE00FA3FB6 /* Feature */; };
		40575786295E24EA00FA3FB6 /* Feature in Frameworks */ = {isa = PBXBuildFile; productRef = 40575785295E24EA00FA3FB6 /* Feature */; };
		40575789295E252400FA3FB6 /* TogetherNetwork in Resources */ = {isa = PBXBuildFile; fileRef = 40575787295E252400FA3FB6 /* TogetherNetwork */; };
		4057578A295E252400FA3FB6 /* TogetherFoundation in Resources */ = {isa = PBXBuildFile; fileRef = 40575788295E252400FA3FB6 /* TogetherFoundation */; };
		4075CA31295F454100FA23C9 /* Pretendard-Black.ttf in Resources */ = {isa = PBXBuildFile; fileRef = 4075CA28295F454000FA23C9 /* Pretendard-Black.ttf */; };
		4075CA32295F454100FA23C9 /* Pretendard-Light.ttf in Resources */ = {isa = PBXBuildFile; fileRef = 4075CA29295F454000FA23C9 /* Pretendard-Light.ttf */; };
		4075CA33295F454100FA23C9 /* Pretendard-ExtraBold.ttf in Resources */ = {isa = PBXBuildFile; fileRef = 4075CA2A295F454000FA23C9 /* Pretendard-ExtraBold.ttf */; };
		4075CA34295F454100FA23C9 /* Pretendard-SemiBold.ttf in Resources */ = {isa = PBXBuildFile; fileRef = 4075CA2B295F454000FA23C9 /* Pretendard-SemiBold.ttf */; };
		4075CA35295F454100FA23C9 /* Pretendard-ExtraLight.ttf in Resources */ = {isa = PBXBuildFile; fileRef = 4075CA2C295F454000FA23C9 /* Pretendard-ExtraLight.ttf */; };
		4075CA36295F454100FA23C9 /* Pretendard-Medium.ttf in Resources */ = {isa = PBXBuildFile; fileRef = 4075CA2D295F454000FA23C9 /* Pretendard-Medium.ttf */; };
		4075CA37295F454100FA23C9 /* Pretendard-Regular.ttf in Resources */ = {isa = PBXBuildFile; fileRef = 4075CA2E295F454100FA23C9 /* Pretendard-Regular.ttf */; };
		4075CA38295F454100FA23C9 /* Pretendard-Bold.ttf in Resources */ = {isa = PBXBuildFile; fileRef = 4075CA2F295F454100FA23C9 /* Pretendard-Bold.ttf */; };
		4075CA39295F45ED00FA23C9 /* Pretendard-Thin.ttf in Resources */ = {isa = PBXBuildFile; fileRef = 4075CA27295F454000FA23C9 /* Pretendard-Thin.ttf */; };
		40E9B4C32931D7AF00AC9AF0 /* AppDelegate.swift in Sources */ = {isa = PBXBuildFile; fileRef = 40E9B4C22931D7AF00AC9AF0 /* AppDelegate.swift */; };
		40E9B4C52931D7AF00AC9AF0 /* SceneDelegate.swift in Sources */ = {isa = PBXBuildFile; fileRef = 40E9B4C42931D7AF00AC9AF0 /* SceneDelegate.swift */; };
		40E9B4CC2931D7B100AC9AF0 /* Assets.xcassets in Resources */ = {isa = PBXBuildFile; fileRef = 40E9B4CB2931D7B100AC9AF0 /* Assets.xcassets */; };
		40E9B4CF2931D7B100AC9AF0 /* LaunchScreen.storyboard in Resources */ = {isa = PBXBuildFile; fileRef = 40E9B4CD2931D7B100AC9AF0 /* LaunchScreen.storyboard */; };
		40E9B4DA2931D7B100AC9AF0 /* TogetherTests.swift in Sources */ = {isa = PBXBuildFile; fileRef = 40E9B4D92931D7B100AC9AF0 /* TogetherTests.swift */; };
		40E9B4E42931D7B100AC9AF0 /* TogetherUITests.swift in Sources */ = {isa = PBXBuildFile; fileRef = 40E9B4E32931D7B100AC9AF0 /* TogetherUITests.swift */; };
		40E9B4E62931D7B100AC9AF0 /* TogetherUITestsLaunchTests.swift in Sources */ = {isa = PBXBuildFile; fileRef = 40E9B4E52931D7B100AC9AF0 /* TogetherUITestsLaunchTests.swift */; };
		B0AB1D47299210210039B0CC /* PersonalInfo.txt in Resources */ = {isa = PBXBuildFile; fileRef = B0AB1D46299210210039B0CC /* PersonalInfo.txt */; };
/* End PBXBuildFile section */

/* Begin PBXContainerItemProxy section */
		40E9B4D62931D7B100AC9AF0 /* PBXContainerItemProxy */ = {
			isa = PBXContainerItemProxy;
			containerPortal = 40E9B4B72931D7AE00AC9AF0 /* Project object */;
			proxyType = 1;
			remoteGlobalIDString = 40E9B4BE2931D7AF00AC9AF0;
			remoteInfo = Together;
		};
		40E9B4E02931D7B100AC9AF0 /* PBXContainerItemProxy */ = {
			isa = PBXContainerItemProxy;
			containerPortal = 40E9B4B72931D7AE00AC9AF0 /* Project object */;
			proxyType = 1;
			remoteGlobalIDString = 40E9B4BE2931D7AF00AC9AF0;
			remoteInfo = Together;
		};
/* End PBXContainerItemProxy section */

/* Begin PBXFileReference section */
		401D17CB2954A8DF003F9270 /* Root.swift */ = {isa = PBXFileReference; lastKnownFileType = sourcecode.swift; path = Root.swift; sourceTree = "<group>"; };
		401D17CD2954A8E3003F9270 /* RootViewController.swift */ = {isa = PBXFileReference; lastKnownFileType = sourcecode.swift; path = RootViewController.swift; sourceTree = "<group>"; };
		403FFED9298BE15900566B49 /* togather_main.json */ = {isa = PBXFileReference; lastKnownFileType = text.json; path = togather_main.json; sourceTree = "<group>"; };
		40575783295E24DE00FA3FB6 /* Feature */ = {isa = PBXFileReference; lastKnownFileType = wrapper; path = Feature; sourceTree = "<group>"; };
		40575787295E252400FA3FB6 /* TogetherNetwork */ = {isa = PBXFileReference; lastKnownFileType = wrapper; path = TogetherNetwork; sourceTree = "<group>"; };
		40575788295E252400FA3FB6 /* TogetherFoundation */ = {isa = PBXFileReference; lastKnownFileType = wrapper; path = TogetherFoundation; sourceTree = "<group>"; };
		4075CA27295F454000FA23C9 /* Pretendard-Thin.ttf */ = {isa = PBXFileReference; lastKnownFileType = file; path = "Pretendard-Thin.ttf"; sourceTree = "<group>"; };
		4075CA28295F454000FA23C9 /* Pretendard-Black.ttf */ = {isa = PBXFileReference; lastKnownFileType = file; path = "Pretendard-Black.ttf"; sourceTree = "<group>"; };
		4075CA29295F454000FA23C9 /* Pretendard-Light.ttf */ = {isa = PBXFileReference; lastKnownFileType = file; path = "Pretendard-Light.ttf"; sourceTree = "<group>"; };
		4075CA2A295F454000FA23C9 /* Pretendard-ExtraBold.ttf */ = {isa = PBXFileReference; lastKnownFileType = file; path = "Pretendard-ExtraBold.ttf"; sourceTree = "<group>"; };
		4075CA2B295F454000FA23C9 /* Pretendard-SemiBold.ttf */ = {isa = PBXFileReference; lastKnownFileType = file; path = "Pretendard-SemiBold.ttf"; sourceTree = "<group>"; };
		4075CA2C295F454000FA23C9 /* Pretendard-ExtraLight.ttf */ = {isa = PBXFileReference; lastKnownFileType = file; path = "Pretendard-ExtraLight.ttf"; sourceTree = "<group>"; };
		4075CA2D295F454000FA23C9 /* Pretendard-Medium.ttf */ = {isa = PBXFileReference; lastKnownFileType = file; path = "Pretendard-Medium.ttf"; sourceTree = "<group>"; };
		4075CA2E295F454100FA23C9 /* Pretendard-Regular.ttf */ = {isa = PBXFileReference; lastKnownFileType = file; path = "Pretendard-Regular.ttf"; sourceTree = "<group>"; };
		4075CA2F295F454100FA23C9 /* Pretendard-Bold.ttf */ = {isa = PBXFileReference; lastKnownFileType = file; path = "Pretendard-Bold.ttf"; sourceTree = "<group>"; };
		409E1916293CE058003B8CE4 /* TogetherCore */ = {isa = PBXFileReference; lastKnownFileType = wrapper; name = TogetherCore; path = Together/Sources/Core/TogetherCore; sourceTree = SOURCE_ROOT; };
		409E1917293CE1CB003B8CE4 /* TogetherUI */ = {isa = PBXFileReference; lastKnownFileType = wrapper; name = TogetherUI; path = Together/Sources/TogetherUI; sourceTree = SOURCE_ROOT; };
		40BD37A32931FEA800CE3FD7 /* ThirdParty */ = {isa = PBXFileReference; lastKnownFileType = wrapper; name = ThirdParty; path = Together/Sources/ThirdParty; sourceTree = SOURCE_ROOT; };
		40E9B4BF2931D7AF00AC9AF0 /* Together.app */ = {isa = PBXFileReference; explicitFileType = wrapper.application; includeInIndex = 0; path = Together.app; sourceTree = BUILT_PRODUCTS_DIR; };
		40E9B4C22931D7AF00AC9AF0 /* AppDelegate.swift */ = {isa = PBXFileReference; lastKnownFileType = sourcecode.swift; path = AppDelegate.swift; sourceTree = "<group>"; };
		40E9B4C42931D7AF00AC9AF0 /* SceneDelegate.swift */ = {isa = PBXFileReference; lastKnownFileType = sourcecode.swift; path = SceneDelegate.swift; sourceTree = "<group>"; };
		40E9B4CB2931D7B100AC9AF0 /* Assets.xcassets */ = {isa = PBXFileReference; lastKnownFileType = folder.assetcatalog; path = Assets.xcassets; sourceTree = "<group>"; };
		40E9B4CE2931D7B100AC9AF0 /* Base */ = {isa = PBXFileReference; lastKnownFileType = file.storyboard; name = Base; path = Base.lproj/LaunchScreen.storyboard; sourceTree = "<group>"; };
		40E9B4D02931D7B100AC9AF0 /* Info.plist */ = {isa = PBXFileReference; lastKnownFileType = text.plist.xml; path = Info.plist; sourceTree = "<group>"; };
		40E9B4D52931D7B100AC9AF0 /* TogetherTests.xctest */ = {isa = PBXFileReference; explicitFileType = wrapper.cfbundle; includeInIndex = 0; path = TogetherTests.xctest; sourceTree = BUILT_PRODUCTS_DIR; };
		40E9B4D92931D7B100AC9AF0 /* TogetherTests.swift */ = {isa = PBXFileReference; lastKnownFileType = sourcecode.swift; path = TogetherTests.swift; sourceTree = "<group>"; };
		40E9B4DF2931D7B100AC9AF0 /* TogetherUITests.xctest */ = {isa = PBXFileReference; explicitFileType = wrapper.cfbundle; includeInIndex = 0; path = TogetherUITests.xctest; sourceTree = BUILT_PRODUCTS_DIR; };
		40E9B4E32931D7B100AC9AF0 /* TogetherUITests.swift */ = {isa = PBXFileReference; lastKnownFileType = sourcecode.swift; path = TogetherUITests.swift; sourceTree = "<group>"; };
		40E9B4E52931D7B100AC9AF0 /* TogetherUITestsLaunchTests.swift */ = {isa = PBXFileReference; lastKnownFileType = sourcecode.swift; path = TogetherUITestsLaunchTests.swift; sourceTree = "<group>"; };
		B0AB1D452992100D0039B0CC /* Agreement.txt */ = {isa = PBXFileReference; lastKnownFileType = text; path = Agreement.txt; sourceTree = "<group>"; };
		B0AB1D46299210210039B0CC /* PersonalInfo.txt */ = {isa = PBXFileReference; lastKnownFileType = text; path = PersonalInfo.txt; sourceTree = "<group>"; };
/* End PBXFileReference section */

/* Begin PBXFrameworksBuildPhase section */
		40E9B4BC2931D7AF00AC9AF0 /* Frameworks */ = {
			isa = PBXFrameworksBuildPhase;
			buildActionMask = 2147483647;
			files = (
				40575786295E24EA00FA3FB6 /* Feature in Frameworks */,
			);
			runOnlyForDeploymentPostprocessing = 0;
		};
		40E9B4D22931D7B100AC9AF0 /* Frameworks */ = {
			isa = PBXFrameworksBuildPhase;
			buildActionMask = 2147483647;
			files = (
			);
			runOnlyForDeploymentPostprocessing = 0;
		};
		40E9B4DC2931D7B100AC9AF0 /* Frameworks */ = {
			isa = PBXFrameworksBuildPhase;
			buildActionMask = 2147483647;
			files = (
			);
			runOnlyForDeploymentPostprocessing = 0;
		};
/* End PBXFrameworksBuildPhase section */

/* Begin PBXGroup section */
		401D17CF2954A8EE003F9270 /* Root */ = {
			isa = PBXGroup;
			children = (
				401D17CB2954A8DF003F9270 /* Root.swift */,
				401D17CD2954A8E3003F9270 /* RootViewController.swift */,
			);
			path = Root;
			sourceTree = "<group>";
		};
		4075CA02295F443700FA23C9 /* Font */ = {
			isa = PBXGroup;
			children = (
				4075CA28295F454000FA23C9 /* Pretendard-Black.ttf */,
				4075CA2F295F454100FA23C9 /* Pretendard-Bold.ttf */,
				4075CA2A295F454000FA23C9 /* Pretendard-ExtraBold.ttf */,
				4075CA2C295F454000FA23C9 /* Pretendard-ExtraLight.ttf */,
				4075CA29295F454000FA23C9 /* Pretendard-Light.ttf */,
				4075CA2D295F454000FA23C9 /* Pretendard-Medium.ttf */,
				4075CA2E295F454100FA23C9 /* Pretendard-Regular.ttf */,
				4075CA2B295F454000FA23C9 /* Pretendard-SemiBold.ttf */,
				4075CA27295F454000FA23C9 /* Pretendard-Thin.ttf */,
			);
			path = Font;
			sourceTree = "<group>";
		};
		4082836F293CE80500E8B3AA /* Core */ = {
			isa = PBXGroup;
			children = (
				409E1916293CE058003B8CE4 /* TogetherCore */,
				40575788295E252400FA3FB6 /* TogetherFoundation */,
				40575787295E252400FA3FB6 /* TogetherNetwork */,
			);
			path = Core;
			sourceTree = "<group>";
		};
		40E9B4B62931D7AE00AC9AF0 = {
			isa = PBXGroup;
			children = (
				40E9B4C12931D7AF00AC9AF0 /* Together */,
				40E9B4D82931D7B100AC9AF0 /* TogetherTests */,
				40E9B4E22931D7B100AC9AF0 /* TogetherUITests */,
				40E9B4C02931D7AF00AC9AF0 /* Products */,
				40EBD1372931EFD1008143AD /* Frameworks */,
			);
			sourceTree = "<group>";
		};
		40E9B4C02931D7AF00AC9AF0 /* Products */ = {
			isa = PBXGroup;
			children = (
				40E9B4BF2931D7AF00AC9AF0 /* Together.app */,
				40E9B4D52931D7B100AC9AF0 /* TogetherTests.xctest */,
				40E9B4DF2931D7B100AC9AF0 /* TogetherUITests.xctest */,
			);
			name = Products;
			sourceTree = "<group>";
		};
		40E9B4C12931D7AF00AC9AF0 /* Together */ = {
			isa = PBXGroup;
			children = (
				403FFED9298BE15900566B49 /* togather_main.json */,
				40E9B4FF2931ECC100AC9AF0 /* Sources */,
				40E9B4FE2931ECA900AC9AF0 /* Resources */,
			);
			path = Together;
			sourceTree = "<group>";
		};
		40E9B4D82931D7B100AC9AF0 /* TogetherTests */ = {
			isa = PBXGroup;
			children = (
				40E9B4D92931D7B100AC9AF0 /* TogetherTests.swift */,
			);
			path = TogetherTests;
			sourceTree = "<group>";
		};
		40E9B4E22931D7B100AC9AF0 /* TogetherUITests */ = {
			isa = PBXGroup;
			children = (
				40E9B4E32931D7B100AC9AF0 /* TogetherUITests.swift */,
				40E9B4E52931D7B100AC9AF0 /* TogetherUITestsLaunchTests.swift */,
			);
			path = TogetherUITests;
			sourceTree = "<group>";
		};
		40E9B4FD2931ECA000AC9AF0 /* App */ = {
			isa = PBXGroup;
			children = (
				40E9B4C22931D7AF00AC9AF0 /* AppDelegate.swift */,
				40E9B4C42931D7AF00AC9AF0 /* SceneDelegate.swift */,
				401D17CF2954A8EE003F9270 /* Root */,
			);
			path = App;
			sourceTree = "<group>";
		};
		40E9B4FE2931ECA900AC9AF0 /* Resources */ = {
			isa = PBXGroup;
			children = (
				4075CA02295F443700FA23C9 /* Font */,
				40E9B4D02931D7B100AC9AF0 /* Info.plist */,
				40E9B4CB2931D7B100AC9AF0 /* Assets.xcassets */,
				40E9B4CD2931D7B100AC9AF0 /* LaunchScreen.storyboard */,
				B0AB1D452992100D0039B0CC /* Agreement.txt */,
				B0AB1D46299210210039B0CC /* PersonalInfo.txt */,
			);
			path = Resources;
			sourceTree = "<group>";
		};
		40E9B4FF2931ECC100AC9AF0 /* Sources */ = {
			isa = PBXGroup;
			children = (
				40E9B4FD2931ECA000AC9AF0 /* App */,
				40575783295E24DE00FA3FB6 /* Feature */,
				4082836F293CE80500E8B3AA /* Core */,
				409E1917293CE1CB003B8CE4 /* TogetherUI */,
				40BD37A32931FEA800CE3FD7 /* ThirdParty */,
			);
			path = Sources;
			sourceTree = "<group>";
		};
		40EBD1372931EFD1008143AD /* Frameworks */ = {
			isa = PBXGroup;
			children = (
			);
			name = Frameworks;
			sourceTree = "<group>";
		};
/* End PBXGroup section */

/* Begin PBXNativeTarget section */
		40E9B4BE2931D7AF00AC9AF0 /* Together */ = {
			isa = PBXNativeTarget;
			buildConfigurationList = 40E9B4E92931D7B100AC9AF0 /* Build configuration list for PBXNativeTarget "Together" */;
			buildPhases = (
				40E9B4BB2931D7AF00AC9AF0 /* Sources */,
				40E9B4BC2931D7AF00AC9AF0 /* Frameworks */,
				40E9B4BD2931D7AF00AC9AF0 /* Resources */,
			);
			buildRules = (
			);
			dependencies = (
			);
			name = Together;
			packageProductDependencies = (
				40575785295E24EA00FA3FB6 /* Feature */,
			);
			productName = Together;
			productReference = 40E9B4BF2931D7AF00AC9AF0 /* Together.app */;
			productType = "com.apple.product-type.application";
		};
		40E9B4D42931D7B100AC9AF0 /* TogetherTests */ = {
			isa = PBXNativeTarget;
			buildConfigurationList = 40E9B4EC2931D7B100AC9AF0 /* Build configuration list for PBXNativeTarget "TogetherTests" */;
			buildPhases = (
				40E9B4D12931D7B100AC9AF0 /* Sources */,
				40E9B4D22931D7B100AC9AF0 /* Frameworks */,
				40E9B4D32931D7B100AC9AF0 /* Resources */,
			);
			buildRules = (
			);
			dependencies = (
				40E9B4D72931D7B100AC9AF0 /* PBXTargetDependency */,
			);
			name = TogetherTests;
			productName = TogetherTests;
			productReference = 40E9B4D52931D7B100AC9AF0 /* TogetherTests.xctest */;
			productType = "com.apple.product-type.bundle.unit-test";
		};
		40E9B4DE2931D7B100AC9AF0 /* TogetherUITests */ = {
			isa = PBXNativeTarget;
			buildConfigurationList = 40E9B4EF2931D7B100AC9AF0 /* Build configuration list for PBXNativeTarget "TogetherUITests" */;
			buildPhases = (
				40E9B4DB2931D7B100AC9AF0 /* Sources */,
				40E9B4DC2931D7B100AC9AF0 /* Frameworks */,
				40E9B4DD2931D7B100AC9AF0 /* Resources */,
			);
			buildRules = (
			);
			dependencies = (
				40E9B4E12931D7B100AC9AF0 /* PBXTargetDependency */,
			);
			name = TogetherUITests;
			productName = TogetherUITests;
			productReference = 40E9B4DF2931D7B100AC9AF0 /* TogetherUITests.xctest */;
			productType = "com.apple.product-type.bundle.ui-testing";
		};
/* End PBXNativeTarget section */

/* Begin PBXProject section */
		40E9B4B72931D7AE00AC9AF0 /* Project object */ = {
			isa = PBXProject;
			attributes = {
				BuildIndependentTargetsInParallel = 1;
				LastSwiftUpdateCheck = 1410;
				LastUpgradeCheck = 1410;
				ORGANIZATIONNAME = Army;
				TargetAttributes = {
					40E9B4BE2931D7AF00AC9AF0 = {
						CreatedOnToolsVersion = 14.1;
					};
					40E9B4D42931D7B100AC9AF0 = {
						CreatedOnToolsVersion = 14.1;
						TestTargetID = 40E9B4BE2931D7AF00AC9AF0;
					};
					40E9B4DE2931D7B100AC9AF0 = {
						CreatedOnToolsVersion = 14.1;
						TestTargetID = 40E9B4BE2931D7AF00AC9AF0;
					};
				};
			};
			buildConfigurationList = 40E9B4BA2931D7AE00AC9AF0 /* Build configuration list for PBXProject "Together" */;
			compatibilityVersion = "Xcode 14.0";
			developmentRegion = en;
			hasScannedForEncodings = 0;
			knownRegions = (
				en,
				Base,
			);
			mainGroup = 40E9B4B62931D7AE00AC9AF0;
			packageReferences = (
			);
			productRefGroup = 40E9B4C02931D7AF00AC9AF0 /* Products */;
			projectDirPath = "";
			projectRoot = "";
			targets = (
				40E9B4BE2931D7AF00AC9AF0 /* Together */,
				40E9B4D42931D7B100AC9AF0 /* TogetherTests */,
				40E9B4DE2931D7B100AC9AF0 /* TogetherUITests */,
			);
		};
/* End PBXProject section */

/* Begin PBXResourcesBuildPhase section */
		40E9B4BD2931D7AF00AC9AF0 /* Resources */ = {
			isa = PBXResourcesBuildPhase;
			buildActionMask = 2147483647;
			files = (
				4075CA33295F454100FA23C9 /* Pretendard-ExtraBold.ttf in Resources */,
				4075CA31295F454100FA23C9 /* Pretendard-Black.ttf in Resources */,
				4075CA34295F454100FA23C9 /* Pretendard-SemiBold.ttf in Resources */,
				40E9B4CF2931D7B100AC9AF0 /* LaunchScreen.storyboard in Resources */,
				4075CA37295F454100FA23C9 /* Pretendard-Regular.ttf in Resources */,
				4075CA38295F454100FA23C9 /* Pretendard-Bold.ttf in Resources */,
				4075CA39295F45ED00FA23C9 /* Pretendard-Thin.ttf in Resources */,
				40575784295E24DE00FA3FB6 /* Feature in Resources */,
				40E9B4CC2931D7B100AC9AF0 /* Assets.xcassets in Resources */,
				4057578A295E252400FA3FB6 /* TogetherFoundation in Resources */,
				4075CA36295F454100FA23C9 /* Pretendard-Medium.ttf in Resources */,
				4075CA32295F454100FA23C9 /* Pretendard-Light.ttf in Resources */,
				40575789295E252400FA3FB6 /* TogetherNetwork in Resources */,
				4075CA35295F454100FA23C9 /* Pretendard-ExtraLight.ttf in Resources */,
				B0AB1D47299210210039B0CC /* PersonalInfo.txt in Resources */,
			);
			runOnlyForDeploymentPostprocessing = 0;
		};
		40E9B4D32931D7B100AC9AF0 /* Resources */ = {
			isa = PBXResourcesBuildPhase;
			buildActionMask = 2147483647;
			files = (
			);
			runOnlyForDeploymentPostprocessing = 0;
		};
		40E9B4DD2931D7B100AC9AF0 /* Resources */ = {
			isa = PBXResourcesBuildPhase;
			buildActionMask = 2147483647;
			files = (
			);
			runOnlyForDeploymentPostprocessing = 0;
		};
/* End PBXResourcesBuildPhase section */

/* Begin PBXSourcesBuildPhase section */
		40E9B4BB2931D7AF00AC9AF0 /* Sources */ = {
			isa = PBXSourcesBuildPhase;
			buildActionMask = 2147483647;
			files = (
				401D17CC2954A8DF003F9270 /* Root.swift in Sources */,
				40E9B4C32931D7AF00AC9AF0 /* AppDelegate.swift in Sources */,
				401D17CE2954A8E3003F9270 /* RootViewController.swift in Sources */,
				40E9B4C52931D7AF00AC9AF0 /* SceneDelegate.swift in Sources */,
			);
			runOnlyForDeploymentPostprocessing = 0;
		};
		40E9B4D12931D7B100AC9AF0 /* Sources */ = {
			isa = PBXSourcesBuildPhase;
			buildActionMask = 2147483647;
			files = (
				40E9B4DA2931D7B100AC9AF0 /* TogetherTests.swift in Sources */,
			);
			runOnlyForDeploymentPostprocessing = 0;
		};
		40E9B4DB2931D7B100AC9AF0 /* Sources */ = {
			isa = PBXSourcesBuildPhase;
			buildActionMask = 2147483647;
			files = (
				40E9B4E62931D7B100AC9AF0 /* TogetherUITestsLaunchTests.swift in Sources */,
				40E9B4E42931D7B100AC9AF0 /* TogetherUITests.swift in Sources */,
			);
			runOnlyForDeploymentPostprocessing = 0;
		};
/* End PBXSourcesBuildPhase section */

/* Begin PBXTargetDependency section */
		40E9B4D72931D7B100AC9AF0 /* PBXTargetDependency */ = {
			isa = PBXTargetDependency;
			target = 40E9B4BE2931D7AF00AC9AF0 /* Together */;
			targetProxy = 40E9B4D62931D7B100AC9AF0 /* PBXContainerItemProxy */;
		};
		40E9B4E12931D7B100AC9AF0 /* PBXTargetDependency */ = {
			isa = PBXTargetDependency;
			target = 40E9B4BE2931D7AF00AC9AF0 /* Together */;
			targetProxy = 40E9B4E02931D7B100AC9AF0 /* PBXContainerItemProxy */;
		};
/* End PBXTargetDependency section */

/* Begin PBXVariantGroup section */
		40E9B4CD2931D7B100AC9AF0 /* LaunchScreen.storyboard */ = {
			isa = PBXVariantGroup;
			children = (
				40E9B4CE2931D7B100AC9AF0 /* Base */,
			);
			name = LaunchScreen.storyboard;
			sourceTree = "<group>";
		};
/* End PBXVariantGroup section */

/* Begin XCBuildConfiguration section */
		40E9B4E72931D7B100AC9AF0 /* Debug */ = {
			isa = XCBuildConfiguration;
			buildSettings = {
				ALWAYS_SEARCH_USER_PATHS = NO;
				CLANG_ANALYZER_NONNULL = YES;
				CLANG_ANALYZER_NUMBER_OBJECT_CONVERSION = YES_AGGRESSIVE;
				CLANG_CXX_LANGUAGE_STANDARD = "gnu++20";
				CLANG_ENABLE_MODULES = YES;
				CLANG_ENABLE_OBJC_ARC = YES;
				CLANG_ENABLE_OBJC_WEAK = YES;
				CLANG_WARN_BLOCK_CAPTURE_AUTORELEASING = YES;
				CLANG_WARN_BOOL_CONVERSION = YES;
				CLANG_WARN_COMMA = YES;
				CLANG_WARN_CONSTANT_CONVERSION = YES;
				CLANG_WARN_DEPRECATED_OBJC_IMPLEMENTATIONS = YES;
				CLANG_WARN_DIRECT_OBJC_ISA_USAGE = YES_ERROR;
				CLANG_WARN_DOCUMENTATION_COMMENTS = YES;
				CLANG_WARN_EMPTY_BODY = YES;
				CLANG_WARN_ENUM_CONVERSION = YES;
				CLANG_WARN_INFINITE_RECURSION = YES;
				CLANG_WARN_INT_CONVERSION = YES;
				CLANG_WARN_NON_LITERAL_NULL_CONVERSION = YES;
				CLANG_WARN_OBJC_IMPLICIT_RETAIN_SELF = YES;
				CLANG_WARN_OBJC_LITERAL_CONVERSION = YES;
				CLANG_WARN_OBJC_ROOT_CLASS = YES_ERROR;
				CLANG_WARN_QUOTED_INCLUDE_IN_FRAMEWORK_HEADER = YES;
				CLANG_WARN_RANGE_LOOP_ANALYSIS = YES;
				CLANG_WARN_STRICT_PROTOTYPES = YES;
				CLANG_WARN_SUSPICIOUS_MOVE = YES;
				CLANG_WARN_UNGUARDED_AVAILABILITY = YES_AGGRESSIVE;
				CLANG_WARN_UNREACHABLE_CODE = YES;
				CLANG_WARN__DUPLICATE_METHOD_MATCH = YES;
				COPY_PHASE_STRIP = NO;
				DEBUG_INFORMATION_FORMAT = dwarf;
				ENABLE_STRICT_OBJC_MSGSEND = YES;
				ENABLE_TESTABILITY = YES;
				GCC_C_LANGUAGE_STANDARD = gnu11;
				GCC_DYNAMIC_NO_PIC = NO;
				GCC_NO_COMMON_BLOCKS = YES;
				GCC_OPTIMIZATION_LEVEL = 0;
				GCC_PREPROCESSOR_DEFINITIONS = (
					"DEBUG=1",
					"$(inherited)",
				);
				GCC_WARN_64_TO_32_BIT_CONVERSION = YES;
				GCC_WARN_ABOUT_RETURN_TYPE = YES_ERROR;
				GCC_WARN_UNDECLARED_SELECTOR = YES;
				GCC_WARN_UNINITIALIZED_AUTOS = YES_AGGRESSIVE;
				GCC_WARN_UNUSED_FUNCTION = YES;
				GCC_WARN_UNUSED_VARIABLE = YES;
				IPHONEOS_DEPLOYMENT_TARGET = 16.0;
				MTL_ENABLE_DEBUG_INFO = INCLUDE_SOURCE;
				MTL_FAST_MATH = YES;
				ONLY_ACTIVE_ARCH = YES;
				SDKROOT = iphoneos;
				SWIFT_ACTIVE_COMPILATION_CONDITIONS = DEBUG;
				SWIFT_OPTIMIZATION_LEVEL = "-Onone";
			};
			name = Debug;
		};
		40E9B4E82931D7B100AC9AF0 /* Release */ = {
			isa = XCBuildConfiguration;
			buildSettings = {
				ALWAYS_SEARCH_USER_PATHS = NO;
				CLANG_ANALYZER_NONNULL = YES;
				CLANG_ANALYZER_NUMBER_OBJECT_CONVERSION = YES_AGGRESSIVE;
				CLANG_CXX_LANGUAGE_STANDARD = "gnu++20";
				CLANG_ENABLE_MODULES = YES;
				CLANG_ENABLE_OBJC_ARC = YES;
				CLANG_ENABLE_OBJC_WEAK = YES;
				CLANG_WARN_BLOCK_CAPTURE_AUTORELEASING = YES;
				CLANG_WARN_BOOL_CONVERSION = YES;
				CLANG_WARN_COMMA = YES;
				CLANG_WARN_CONSTANT_CONVERSION = YES;
				CLANG_WARN_DEPRECATED_OBJC_IMPLEMENTATIONS = YES;
				CLANG_WARN_DIRECT_OBJC_ISA_USAGE = YES_ERROR;
				CLANG_WARN_DOCUMENTATION_COMMENTS = YES;
				CLANG_WARN_EMPTY_BODY = YES;
				CLANG_WARN_ENUM_CONVERSION = YES;
				CLANG_WARN_INFINITE_RECURSION = YES;
				CLANG_WARN_INT_CONVERSION = YES;
				CLANG_WARN_NON_LITERAL_NULL_CONVERSION = YES;
				CLANG_WARN_OBJC_IMPLICIT_RETAIN_SELF = YES;
				CLANG_WARN_OBJC_LITERAL_CONVERSION = YES;
				CLANG_WARN_OBJC_ROOT_CLASS = YES_ERROR;
				CLANG_WARN_QUOTED_INCLUDE_IN_FRAMEWORK_HEADER = YES;
				CLANG_WARN_RANGE_LOOP_ANALYSIS = YES;
				CLANG_WARN_STRICT_PROTOTYPES = YES;
				CLANG_WARN_SUSPICIOUS_MOVE = YES;
				CLANG_WARN_UNGUARDED_AVAILABILITY = YES_AGGRESSIVE;
				CLANG_WARN_UNREACHABLE_CODE = YES;
				CLANG_WARN__DUPLICATE_METHOD_MATCH = YES;
				COPY_PHASE_STRIP = NO;
				DEBUG_INFORMATION_FORMAT = "dwarf-with-dsym";
				ENABLE_NS_ASSERTIONS = NO;
				ENABLE_STRICT_OBJC_MSGSEND = YES;
				GCC_C_LANGUAGE_STANDARD = gnu11;
				GCC_NO_COMMON_BLOCKS = YES;
				GCC_WARN_64_TO_32_BIT_CONVERSION = YES;
				GCC_WARN_ABOUT_RETURN_TYPE = YES_ERROR;
				GCC_WARN_UNDECLARED_SELECTOR = YES;
				GCC_WARN_UNINITIALIZED_AUTOS = YES_AGGRESSIVE;
				GCC_WARN_UNUSED_FUNCTION = YES;
				GCC_WARN_UNUSED_VARIABLE = YES;
				IPHONEOS_DEPLOYMENT_TARGET = 16.0;
				MTL_ENABLE_DEBUG_INFO = NO;
				MTL_FAST_MATH = YES;
				SDKROOT = iphoneos;
				SWIFT_COMPILATION_MODE = wholemodule;
				SWIFT_OPTIMIZATION_LEVEL = "-O";
				VALIDATE_PRODUCT = YES;
			};
			name = Release;
		};
		40E9B4EA2931D7B100AC9AF0 /* Debug */ = {
			isa = XCBuildConfiguration;
			buildSettings = {
				ASSETCATALOG_COMPILER_APPICON_NAME = AppIcon;
				ASSETCATALOG_COMPILER_GLOBAL_ACCENT_COLOR_NAME = AccentColor;
				CODE_SIGN_STYLE = Automatic;
				CURRENT_PROJECT_VERSION = 1;
				DEVELOPMENT_TEAM = 85329TR25G;
				GENERATE_INFOPLIST_FILE = YES;
				INFOPLIST_FILE = Together/Info.plist;
				INFOPLIST_KEY_CFBundleDisplayName = "투개더";
				INFOPLIST_KEY_UILaunchStoryboardName = LaunchScreen;
				INFOPLIST_KEY_UISupportedInterfaceOrientations_iPad = "UIInterfaceOrientationPortrait UIInterfaceOrientationPortraitUpsideDown UIInterfaceOrientationLandscapeLeft UIInterfaceOrientationLandscapeRight";
				INFOPLIST_KEY_UISupportedInterfaceOrientations_iPhone = "UIInterfaceOrientationPortrait UIInterfaceOrientationLandscapeLeft UIInterfaceOrientationLandscapeRight";
				INFOPLIST_KEY_UIUserInterfaceStyle = Light;
				IPHONEOS_DEPLOYMENT_TARGET = 16.0;
				LD_RUNPATH_SEARCH_PATHS = (
					"$(inherited)",
					"@executable_path/Frameworks",
				);
				MARKETING_VERSION = 1.0;
				PRODUCT_BUNDLE_IDENTIFIER = com.ddd.palgi.ilteam.Together;
				PRODUCT_NAME = "$(TARGET_NAME)";
				SUPPORTED_PLATFORMS = "iphoneos iphonesimulator";
				SUPPORTS_MACCATALYST = NO;
				SUPPORTS_MAC_DESIGNED_FOR_IPHONE_IPAD = NO;
				SWIFT_EMIT_LOC_STRINGS = YES;
				SWIFT_VERSION = 5.0;
				TARGETED_DEVICE_FAMILY = 1;
			};
			name = Debug;
		};
		40E9B4EB2931D7B100AC9AF0 /* Release */ = {
			isa = XCBuildConfiguration;
			buildSettings = {
				ASSETCATALOG_COMPILER_APPICON_NAME = AppIcon;
				ASSETCATALOG_COMPILER_GLOBAL_ACCENT_COLOR_NAME = AccentColor;
				CODE_SIGN_STYLE = Automatic;
				CURRENT_PROJECT_VERSION = 1;
				DEVELOPMENT_TEAM = 85329TR25G;
				GENERATE_INFOPLIST_FILE = YES;
				INFOPLIST_FILE = Together/Info.plist;
				INFOPLIST_KEY_CFBundleDisplayName = "투개더";
				INFOPLIST_KEY_UILaunchStoryboardName = LaunchScreen;
				INFOPLIST_KEY_UISupportedInterfaceOrientations_iPad = "UIInterfaceOrientationPortrait UIInterfaceOrientationPortraitUpsideDown UIInterfaceOrientationLandscapeLeft UIInterfaceOrientationLandscapeRight";
				INFOPLIST_KEY_UISupportedInterfaceOrientations_iPhone = "UIInterfaceOrientationPortrait UIInterfaceOrientationLandscapeLeft UIInterfaceOrientationLandscapeRight";
				INFOPLIST_KEY_UIUserInterfaceStyle = Light;
				IPHONEOS_DEPLOYMENT_TARGET = 16.0;
				LD_RUNPATH_SEARCH_PATHS = (
					"$(inherited)",
					"@executable_path/Frameworks",
				);
				MARKETING_VERSION = 1.0;
				PRODUCT_BUNDLE_IDENTIFIER = com.ddd.palgi.ilteam.Together;
				PRODUCT_NAME = "$(TARGET_NAME)";
				SUPPORTED_PLATFORMS = "iphoneos iphonesimulator";
				SUPPORTS_MACCATALYST = NO;
				SUPPORTS_MAC_DESIGNED_FOR_IPHONE_IPAD = NO;
				SWIFT_EMIT_LOC_STRINGS = YES;
				SWIFT_VERSION = 5.0;
				TARGETED_DEVICE_FAMILY = 1;
			};
			name = Release;
		};
		40E9B4ED2931D7B100AC9AF0 /* Debug */ = {
			isa = XCBuildConfiguration;
			buildSettings = {
				ALWAYS_EMBED_SWIFT_STANDARD_LIBRARIES = YES;
				BUNDLE_LOADER = "$(TEST_HOST)";
				CODE_SIGN_STYLE = Automatic;
				CURRENT_PROJECT_VERSION = 1;
				GENERATE_INFOPLIST_FILE = YES;
				IPHONEOS_DEPLOYMENT_TARGET = 16.2;
				MARKETING_VERSION = 1.0;
				PRODUCT_BUNDLE_IDENTIFIER = com.ddd.palgi.ilteam.TogetherTests;
				PRODUCT_NAME = "$(TARGET_NAME)";
				SWIFT_EMIT_LOC_STRINGS = NO;
				SWIFT_VERSION = 5.0;
				TARGETED_DEVICE_FAMILY = "1,2";
				TEST_HOST = "$(BUILT_PRODUCTS_DIR)/Together.app/$(BUNDLE_EXECUTABLE_FOLDER_PATH)/Together";
			};
			name = Debug;
		};
		40E9B4EE2931D7B100AC9AF0 /* Release */ = {
			isa = XCBuildConfiguration;
			buildSettings = {
				ALWAYS_EMBED_SWIFT_STANDARD_LIBRARIES = YES;
				BUNDLE_LOADER = "$(TEST_HOST)";
				CODE_SIGN_STYLE = Automatic;
				CURRENT_PROJECT_VERSION = 1;
				GENERATE_INFOPLIST_FILE = YES;
				IPHONEOS_DEPLOYMENT_TARGET = 16.2;
				MARKETING_VERSION = 1.0;
				PRODUCT_BUNDLE_IDENTIFIER = com.ddd.palgi.ilteam.TogetherTests;
				PRODUCT_NAME = "$(TARGET_NAME)";
				SWIFT_EMIT_LOC_STRINGS = NO;
				SWIFT_VERSION = 5.0;
				TARGETED_DEVICE_FAMILY = "1,2";
				TEST_HOST = "$(BUILT_PRODUCTS_DIR)/Together.app/$(BUNDLE_EXECUTABLE_FOLDER_PATH)/Together";
			};
			name = Release;
		};
		40E9B4F02931D7B100AC9AF0 /* Debug */ = {
			isa = XCBuildConfiguration;
			buildSettings = {
				ALWAYS_EMBED_SWIFT_STANDARD_LIBRARIES = YES;
				CODE_SIGN_STYLE = Automatic;
				CURRENT_PROJECT_VERSION = 1;
				GENERATE_INFOPLIST_FILE = YES;
				MARKETING_VERSION = 1.0;
				PRODUCT_BUNDLE_IDENTIFIER = com.ddd.palgi.ilteam.TogetherUITests;
				PRODUCT_NAME = "$(TARGET_NAME)";
				SWIFT_EMIT_LOC_STRINGS = NO;
				SWIFT_VERSION = 5.0;
				TARGETED_DEVICE_FAMILY = "1,2";
				TEST_TARGET_NAME = Together;
			};
			name = Debug;
		};
		40E9B4F12931D7B100AC9AF0 /* Release */ = {
			isa = XCBuildConfiguration;
			buildSettings = {
				ALWAYS_EMBED_SWIFT_STANDARD_LIBRARIES = YES;
				CODE_SIGN_STYLE = Automatic;
				CURRENT_PROJECT_VERSION = 1;
				GENERATE_INFOPLIST_FILE = YES;
				MARKETING_VERSION = 1.0;
				PRODUCT_BUNDLE_IDENTIFIER = com.ddd.palgi.ilteam.TogetherUITests;
				PRODUCT_NAME = "$(TARGET_NAME)";
				SWIFT_EMIT_LOC_STRINGS = NO;
				SWIFT_VERSION = 5.0;
				TARGETED_DEVICE_FAMILY = "1,2";
				TEST_TARGET_NAME = Together;
			};
			name = Release;
		};
/* End XCBuildConfiguration section */

/* Begin XCConfigurationList section */
		40E9B4BA2931D7AE00AC9AF0 /* Build configuration list for PBXProject "Together" */ = {
			isa = XCConfigurationList;
			buildConfigurations = (
				40E9B4E72931D7B100AC9AF0 /* Debug */,
				40E9B4E82931D7B100AC9AF0 /* Release */,
			);
			defaultConfigurationIsVisible = 0;
			defaultConfigurationName = Release;
		};
		40E9B4E92931D7B100AC9AF0 /* Build configuration list for PBXNativeTarget "Together" */ = {
			isa = XCConfigurationList;
			buildConfigurations = (
				40E9B4EA2931D7B100AC9AF0 /* Debug */,
				40E9B4EB2931D7B100AC9AF0 /* Release */,
			);
			defaultConfigurationIsVisible = 0;
			defaultConfigurationName = Release;
		};
		40E9B4EC2931D7B100AC9AF0 /* Build configuration list for PBXNativeTarget "TogetherTests" */ = {
			isa = XCConfigurationList;
			buildConfigurations = (
				40E9B4ED2931D7B100AC9AF0 /* Debug */,
				40E9B4EE2931D7B100AC9AF0 /* Release */,
			);
			defaultConfigurationIsVisible = 0;
			defaultConfigurationName = Release;
		};
		40E9B4EF2931D7B100AC9AF0 /* Build configuration list for PBXNativeTarget "TogetherUITests" */ = {
			isa = XCConfigurationList;
			buildConfigurations = (
				40E9B4F02931D7B100AC9AF0 /* Debug */,
				40E9B4F12931D7B100AC9AF0 /* Release */,
			);
			defaultConfigurationIsVisible = 0;
			defaultConfigurationName = Release;
		};
/* End XCConfigurationList section */

/* Begin XCSwiftPackageProductDependency section */
		40575785295E24EA00FA3FB6 /* Feature */ = {
			isa = XCSwiftPackageProductDependency;
			productName = Feature;
		};
/* End XCSwiftPackageProductDependency section */
	};
	rootObject = 40E9B4B72931D7AE00AC9AF0 /* Project object */;
}
